// !$*UTF8*$!
{
	archiveVersion = 1;
	classes = {
	};
	objectVersion = 56;
	objects = {

/* Begin PBXBuildFile section */
		C550260B2C4C5E3D00F47481 /* WelcomeViewController.swift in Sources */ = {isa = PBXBuildFile; fileRef = C550260A2C4C5E3D00F47481 /* WelcomeViewController.swift */; };
		C554B5DE2C4DA24C0035CA6E /* EndGameViewController.swift in Sources */ = {isa = PBXBuildFile; fileRef = C554B5DD2C4DA24C0035CA6E /* EndGameViewController.swift */; };
		C56522022C3B05AA00E1122E /* AppDelegate.swift in Sources */ = {isa = PBXBuildFile; fileRef = C56522012C3B05AA00E1122E /* AppDelegate.swift */; };
		C56522042C3B05AA00E1122E /* SceneDelegate.swift in Sources */ = {isa = PBXBuildFile; fileRef = C56522032C3B05AA00E1122E /* SceneDelegate.swift */; };
		C56522062C3B05AA00E1122E /* ViewController.swift in Sources */ = {isa = PBXBuildFile; fileRef = C56522052C3B05AA00E1122E /* ViewController.swift */; };
		C56522092C3B05AA00E1122E /* Base in Resources */ = {isa = PBXBuildFile; fileRef = C56522082C3B05AA00E1122E /* Base */; };
		C565220B2C3B05AA00E1122E /* Assets.xcassets in Resources */ = {isa = PBXBuildFile; fileRef = C565220A2C3B05AA00E1122E /* Assets.xcassets */; };
		C56522162C3B0B5200E1122E /* Card.swift in Sources */ = {isa = PBXBuildFile; fileRef = C56522152C3B0B5200E1122E /* Card.swift */; };
		C56522182C3B0BE600E1122E /* Deck.swift in Sources */ = {isa = PBXBuildFile; fileRef = C56522172C3B0BE600E1122E /* Deck.swift */; };
		C565221A2C3B11D100E1122E /* GameManager.swift in Sources */ = {isa = PBXBuildFile; fileRef = C56522192C3B11D100E1122E /* GameManager.swift */; };
		C5BD4D8D2C4B02ED00AED0ED /* Player.swift in Sources */ = {isa = PBXBuildFile; fileRef = C5BD4D8C2C4B02ED00AED0ED /* Player.swift */; };
		C5F5FE032C4BC7B500DA523D /* Constants.swift in Sources */ = {isa = PBXBuildFile; fileRef = C5F5FE022C4BC7B500DA523D /* Constants.swift */; };
/* End PBXBuildFile section */

/* Begin PBXFileReference section */
		C550260A2C4C5E3D00F47481 /* WelcomeViewController.swift */ = {isa = PBXFileReference; lastKnownFileType = sourcecode.swift; path = WelcomeViewController.swift; sourceTree = "<group>"; };
		C554B5DD2C4DA24C0035CA6E /* EndGameViewController.swift */ = {isa = PBXFileReference; lastKnownFileType = sourcecode.swift; path = EndGameViewController.swift; sourceTree = "<group>"; };
		C56521FE2C3B05AA00E1122E /* CardWarGame.app */ = {isa = PBXFileReference; explicitFileType = wrapper.application; includeInIndex = 0; path = CardWarGame.app; sourceTree = BUILT_PRODUCTS_DIR; };
		C56522012C3B05AA00E1122E /* AppDelegate.swift */ = {isa = PBXFileReference; lastKnownFileType = sourcecode.swift; path = AppDelegate.swift; sourceTree = "<group>"; };
		C56522032C3B05AA00E1122E /* SceneDelegate.swift */ = {isa = PBXFileReference; lastKnownFileType = sourcecode.swift; path = SceneDelegate.swift; sourceTree = "<group>"; };
		C56522052C3B05AA00E1122E /* ViewController.swift */ = {isa = PBXFileReference; lastKnownFileType = sourcecode.swift; path = ViewController.swift; sourceTree = "<group>"; };
		C56522082C3B05AA00E1122E /* Base */ = {isa = PBXFileReference; lastKnownFileType = file.storyboard; name = Base; path = Base.lproj/Main.storyboard; sourceTree = "<group>"; };
		C565220A2C3B05AA00E1122E /* Assets.xcassets */ = {isa = PBXFileReference; lastKnownFileType = folder.assetcatalog; path = Assets.xcassets; sourceTree = "<group>"; };
		C565220F2C3B05AA00E1122E /* Info.plist */ = {isa = PBXFileReference; lastKnownFileType = text.plist.xml; path = Info.plist; sourceTree = "<group>"; };
		C56522152C3B0B5200E1122E /* Card.swift */ = {isa = PBXFileReference; lastKnownFileType = sourcecode.swift; path = Card.swift; sourceTree = "<group>"; };
		C56522172C3B0BE600E1122E /* Deck.swift */ = {isa = PBXFileReference; lastKnownFileType = sourcecode.swift; path = Deck.swift; sourceTree = "<group>"; };
		C56522192C3B11D100E1122E /* GameManager.swift */ = {isa = PBXFileReference; lastKnownFileType = sourcecode.swift; path = GameManager.swift; sourceTree = "<group>"; };
		C5BD4D8C2C4B02ED00AED0ED /* Player.swift */ = {isa = PBXFileReference; lastKnownFileType = sourcecode.swift; path = Player.swift; sourceTree = "<group>"; };
		C5F5FE022C4BC7B500DA523D /* Constants.swift */ = {isa = PBXFileReference; lastKnownFileType = sourcecode.swift; path = Constants.swift; sourceTree = "<group>"; };
/* End PBXFileReference section */

/* Begin PBXFrameworksBuildPhase section */
		C56521FB2C3B05AA00E1122E /* Frameworks */ = {
			isa = PBXFrameworksBuildPhase;
			buildActionMask = 2147483647;
			files = (
			);
			runOnlyForDeploymentPostprocessing = 0;
		};
/* End PBXFrameworksBuildPhase section */

/* Begin PBXGroup section */
		C56521F52C3B05AA00E1122E = {
			isa = PBXGroup;
			children = (
				C56522002C3B05AA00E1122E /* CardWarGame */,
				C56521FF2C3B05AA00E1122E /* Products */,
			);
			sourceTree = "<group>";
		};
		C56521FF2C3B05AA00E1122E /* Products */ = {
			isa = PBXGroup;
			children = (
				C56521FE2C3B05AA00E1122E /* CardWarGame.app */,
			);
			name = Products;
			sourceTree = "<group>";
		};
		C56522002C3B05AA00E1122E /* CardWarGame */ = {
			isa = PBXGroup;
			children = (
				C56522012C3B05AA00E1122E /* AppDelegate.swift */,
				C56522032C3B05AA00E1122E /* SceneDelegate.swift */,
				C56522052C3B05AA00E1122E /* ViewController.swift */,
				C56522072C3B05AA00E1122E /* Main.storyboard */,
				C565220A2C3B05AA00E1122E /* Assets.xcassets */,
				C565220F2C3B05AA00E1122E /* Info.plist */,
				C56522152C3B0B5200E1122E /* Card.swift */,
				C56522172C3B0BE600E1122E /* Deck.swift */,
				C56522192C3B11D100E1122E /* GameManager.swift */,
				C5BD4D8C2C4B02ED00AED0ED /* Player.swift */,
				C5F5FE022C4BC7B500DA523D /* Constants.swift */,
				C550260A2C4C5E3D00F47481 /* WelcomeViewController.swift */,
				C554B5DD2C4DA24C0035CA6E /* EndGameViewController.swift */,
			);
			path = CardWarGame;
			sourceTree = "<group>";
		};
/* End PBXGroup section */

/* Begin PBXNativeTarget section */
		C56521FD2C3B05AA00E1122E /* CardWarGame */ = {
			isa = PBXNativeTarget;
			buildConfigurationList = C56522122C3B05AA00E1122E /* Build configuration list for PBXNativeTarget "CardWarGame" */;
			buildPhases = (
				C56521FA2C3B05AA00E1122E /* Sources */,
				C56521FB2C3B05AA00E1122E /* Frameworks */,
				C56521FC2C3B05AA00E1122E /* Resources */,
			);
			buildRules = (
			);
			dependencies = (
			);
			name = CardWarGame;
			productName = CardWarGame;
			productReference = C56521FE2C3B05AA00E1122E /* CardWarGame.app */;
			productType = "com.apple.product-type.application";
		};
/* End PBXNativeTarget section */

/* Begin PBXProject section */
		C56521F62C3B05AA00E1122E /* Project object */ = {
			isa = PBXProject;
			attributes = {
				BuildIndependentTargetsInParallel = 1;
				LastSwiftUpdateCheck = 1540;
				LastUpgradeCheck = 1540;
				TargetAttributes = {
					C56521FD2C3B05AA00E1122E = {
						CreatedOnToolsVersion = 15.4;
					};
				};
			};
			buildConfigurationList = C56521F92C3B05AA00E1122E /* Build configuration list for PBXProject "CardWarGame" */;
			compatibilityVersion = "Xcode 14.0";
			developmentRegion = en;
			hasScannedForEncodings = 0;
			knownRegions = (
				en,
				Base,
			);
			mainGroup = C56521F52C3B05AA00E1122E;
			productRefGroup = C56521FF2C3B05AA00E1122E /* Products */;
			projectDirPath = "";
			projectRoot = "";
			targets = (
				C56521FD2C3B05AA00E1122E /* CardWarGame */,
			);
		};
/* End PBXProject section */

/* Begin PBXResourcesBuildPhase section */
		C56521FC2C3B05AA00E1122E /* Resources */ = {
			isa = PBXResourcesBuildPhase;
			buildActionMask = 2147483647;
			files = (
				C565220B2C3B05AA00E1122E /* Assets.xcassets in Resources */,
				C56522092C3B05AA00E1122E /* Base in Resources */,
			);
			runOnlyForDeploymentPostprocessing = 0;
		};
/* End PBXResourcesBuildPhase section */

/* Begin PBXSourcesBuildPhase section */
		C56521FA2C3B05AA00E1122E /* Sources */ = {
			isa = PBXSourcesBuildPhase;
			buildActionMask = 2147483647;
			files = (
				C550260B2C4C5E3D00F47481 /* WelcomeViewController.swift in Sources */,
				C56522062C3B05AA00E1122E /* ViewController.swift in Sources */,
				C554B5DE2C4DA24C0035CA6E /* EndGameViewController.swift in Sources */,
				C565221A2C3B11D100E1122E /* GameManager.swift in Sources */,
				C56522022C3B05AA00E1122E /* AppDelegate.swift in Sources */,
				C56522182C3B0BE600E1122E /* Deck.swift in Sources */,
				C5BD4D8D2C4B02ED00AED0ED /* Player.swift in Sources */,
				C56522042C3B05AA00E1122E /* SceneDelegate.swift in Sources */,
				C56522162C3B0B5200E1122E /* Card.swift in Sources */,
				C5F5FE032C4BC7B500DA523D /* Constants.swift in Sources */,
			);
			runOnlyForDeploymentPostprocessing = 0;
		};
/* End PBXSourcesBuildPhase section */

/* Begin PBXVariantGroup section */
		C56522072C3B05AA00E1122E /* Main.storyboard */ = {
			isa = PBXVariantGroup;
			children = (
				C56522082C3B05AA00E1122E /* Base */,
			);
			name = Main.storyboard;
			sourceTree = "<group>";
		};
/* End PBXVariantGroup section */

/* Begin XCBuildConfiguration section */
		C56522102C3B05AA00E1122E /* Debug */ = {
			isa = XCBuildConfiguration;
			buildSettings = {
				ALWAYS_SEARCH_USER_PATHS = NO;
				ASSETCATALOG_COMPILER_GENERATE_SWIFT_ASSET_SYMBOL_EXTENSIONS = YES;
				CLANG_ANALYZER_NONNULL = YES;
				CLANG_ANALYZER_NUMBER_OBJECT_CONVERSION = YES_AGGRESSIVE;
				CLANG_CXX_LANGUAGE_STANDARD = "gnu++20";
				CLANG_ENABLE_MODULES = YES;
				CLANG_ENABLE_OBJC_ARC = YES;
				CLANG_ENABLE_OBJC_WEAK = YES;
				CLANG_WARN_BLOCK_CAPTURE_AUTORELEASING = YES;
				CLANG_WARN_BOOL_CONVERSION = YES;
				CLANG_WARN_COMMA = YES;
				CLANG_WARN_CONSTANT_CONVERSION = YES;
				CLANG_WARN_DEPRECATED_OBJC_IMPLEMENTATIONS = YES;
				CLANG_WARN_DIRECT_OBJC_ISA_USAGE = YES_ERROR;
				CLANG_WARN_DOCUMENTATION_COMMENTS = YES;
				CLANG_WARN_EMPTY_BODY = YES;
				CLANG_WARN_ENUM_CONVERSION = YES;
				CLANG_WARN_INFINITE_RECURSION = YES;
				CLANG_WARN_INT_CONVERSION = YES;
				CLANG_WARN_NON_LITERAL_NULL_CONVERSION = YES;
				CLANG_WARN_OBJC_IMPLICIT_RETAIN_SELF = YES;
				CLANG_WARN_OBJC_LITERAL_CONVERSION = YES;
				CLANG_WARN_OBJC_ROOT_CLASS = YES_ERROR;
				CLANG_WARN_QUOTED_INCLUDE_IN_FRAMEWORK_HEADER = YES;
				CLANG_WARN_RANGE_LOOP_ANALYSIS = YES;
				CLANG_WARN_STRICT_PROTOTYPES = YES;
				CLANG_WARN_SUSPICIOUS_MOVE = YES;
				CLANG_WARN_UNGUARDED_AVAILABILITY = YES_AGGRESSIVE;
				CLANG_WARN_UNREACHABLE_CODE = YES;
				CLANG_WARN__DUPLICATE_METHOD_MATCH = YES;
				COPY_PHASE_STRIP = NO;
				DEBUG_INFORMATION_FORMAT = dwarf;
				ENABLE_STRICT_OBJC_MSGSEND = YES;
				ENABLE_TESTABILITY = YES;
				ENABLE_USER_SCRIPT_SANDBOXING = YES;
				GCC_C_LANGUAGE_STANDARD = gnu17;
				GCC_DYNAMIC_NO_PIC = NO;
				GCC_NO_COMMON_BLOCKS = YES;
				GCC_OPTIMIZATION_LEVEL = 0;
				GCC_PREPROCESSOR_DEFINITIONS = (
					"DEBUG=1",
					"$(inherited)",
				);
				GCC_WARN_64_TO_32_BIT_CONVERSION = YES;
				GCC_WARN_ABOUT_RETURN_TYPE = YES_ERROR;
				GCC_WARN_UNDECLARED_SELECTOR = YES;
				GCC_WARN_UNINITIALIZED_AUTOS = YES_AGGRESSIVE;
				GCC_WARN_UNUSED_FUNCTION = YES;
				GCC_WARN_UNUSED_VARIABLE = YES;
				IPHONEOS_DEPLOYMENT_TARGET = 17.5;
				LOCALIZATION_PREFERS_STRING_CATALOGS = YES;
				MTL_ENABLE_DEBUG_INFO = INCLUDE_SOURCE;
				MTL_FAST_MATH = YES;
				ONLY_ACTIVE_ARCH = YES;
				SDKROOT = iphoneos;
				SWIFT_ACTIVE_COMPILATION_CONDITIONS = "DEBUG $(inherited)";
				SWIFT_OPTIMIZATION_LEVEL = "-Onone";
			};
			name = Debug;
		};
		C56522112C3B05AA00E1122E /* Release */ = {
			isa = XCBuildConfiguration;
			buildSettings = {
				ALWAYS_SEARCH_USER_PATHS = NO;
				ASSETCATALOG_COMPILER_GENERATE_SWIFT_ASSET_SYMBOL_EXTENSIONS = YES;
				CLANG_ANALYZER_NONNULL = YES;
				CLANG_ANALYZER_NUMBER_OBJECT_CONVERSION = YES_AGGRESSIVE;
				CLANG_CXX_LANGUAGE_STANDARD = "gnu++20";
				CLANG_ENABLE_MODULES = YES;
				CLANG_ENABLE_OBJC_ARC = YES;
				CLANG_ENABLE_OBJC_WEAK = YES;
				CLANG_WARN_BLOCK_CAPTURE_AUTORELEASING = YES;
				CLANG_WARN_BOOL_CONVERSION = YES;
				CLANG_WARN_COMMA = YES;
				CLANG_WARN_CONSTANT_CONVERSION = YES;
				CLANG_WARN_DEPRECATED_OBJC_IMPLEMENTATIONS = YES;
				CLANG_WARN_DIRECT_OBJC_ISA_USAGE = YES_ERROR;
				CLANG_WARN_DOCUMENTATION_COMMENTS = YES;
				CLANG_WARN_EMPTY_BODY = YES;
				CLANG_WARN_ENUM_CONVERSION = YES;
				CLANG_WARN_INFINITE_RECURSION = YES;
				CLANG_WARN_INT_CONVERSION = YES;
				CLANG_WARN_NON_LITERAL_NULL_CONVERSION = YES;
				CLANG_WARN_OBJC_IMPLICIT_RETAIN_SELF = YES;
				CLANG_WARN_OBJC_LITERAL_CONVERSION = YES;
				CLANG_WARN_OBJC_ROOT_CLASS = YES_ERROR;
				CLANG_WARN_QUOTED_INCLUDE_IN_FRAMEWORK_HEADER = YES;
				CLANG_WARN_RANGE_LOOP_ANALYSIS = YES;
				CLANG_WARN_STRICT_PROTOTYPES = YES;
				CLANG_WARN_SUSPICIOUS_MOVE = YES;
				CLANG_WARN_UNGUARDED_AVAILABILITY = YES_AGGRESSIVE;
				CLANG_WARN_UNREACHABLE_CODE = YES;
				CLANG_WARN__DUPLICATE_METHOD_MATCH = YES;
				COPY_PHASE_STRIP = NO;
				DEBUG_INFORMATION_FORMAT = "dwarf-with-dsym";
				ENABLE_NS_ASSERTIONS = NO;
				ENABLE_STRICT_OBJC_MSGSEND = YES;
				ENABLE_USER_SCRIPT_SANDBOXING = YES;
				GCC_C_LANGUAGE_STANDARD = gnu17;
				GCC_NO_COMMON_BLOCKS = YES;
				GCC_WARN_64_TO_32_BIT_CONVERSION = YES;
				GCC_WARN_ABOUT_RETURN_TYPE = YES_ERROR;
				GCC_WARN_UNDECLARED_SELECTOR = YES;
				GCC_WARN_UNINITIALIZED_AUTOS = YES_AGGRESSIVE;
				GCC_WARN_UNUSED_FUNCTION = YES;
				GCC_WARN_UNUSED_VARIABLE = YES;
				IPHONEOS_DEPLOYMENT_TARGET = 17.5;
				LOCALIZATION_PREFERS_STRING_CATALOGS = YES;
				MTL_ENABLE_DEBUG_INFO = NO;
				MTL_FAST_MATH = YES;
				SDKROOT = iphoneos;
				SWIFT_COMPILATION_MODE = wholemodule;
				VALIDATE_PRODUCT = YES;
			};
			name = Release;
		};
		C56522132C3B05AA00E1122E /* Debug */ = {
			isa = XCBuildConfiguration;
			buildSettings = {
				ASSETCATALOG_COMPILER_APPICON_NAME = AppIcon;
				ASSETCATALOG_COMPILER_GLOBAL_ACCENT_COLOR_NAME = AccentColor;
				CODE_SIGN_STYLE = Automatic;
				CURRENT_PROJECT_VERSION = 1;
				GENERATE_INFOPLIST_FILE = YES;
				INFOPLIST_FILE = CardWarGame/Info.plist;
				INFOPLIST_KEY_UIApplicationSupportsIndirectInputEvents = YES;
				INFOPLIST_KEY_UILaunchStoryboardName = LaunchScreen;
				INFOPLIST_KEY_UIMainStoryboardFile = Main;
				INFOPLIST_KEY_UISupportedInterfaceOrientations_iPad = "UIInterfaceOrientationPortrait UIInterfaceOrientationPortraitUpsideDown UIInterfaceOrientationLandscapeLeft UIInterfaceOrientationLandscapeRight";
				INFOPLIST_KEY_UISupportedInterfaceOrientations_iPhone = "UIInterfaceOrientationPortrait UIInterfaceOrientationLandscapeLeft UIInterfaceOrientationLandscapeRight";
				LD_RUNPATH_SEARCH_PATHS = (
					"$(inherited)",
					"@executable_path/Frameworks",
				);
				MARKETING_VERSION = 1.0;
				PRODUCT_BUNDLE_IDENTIFIER = ios24b.CardWarGame;
				PRODUCT_NAME = "$(TARGET_NAME)";
				SWIFT_EMIT_LOC_STRINGS = YES;
				SWIFT_VERSION = 5.0;
				TARGETED_DEVICE_FAMILY = "1,2";
			};
			name = Debug;
		};
		C56522142C3B05AA00E1122E /* Release */ = {
			isa = XCBuildConfiguration;
			buildSettings = {
				ASSETCATALOG_COMPILER_APPICON_NAME = AppIcon;
				ASSETCATALOG_COMPILER_GLOBAL_ACCENT_COLOR_NAME = AccentColor;
				CODE_SIGN_STYLE = Automatic;
				CURRENT_PROJECT_VERSION = 1;
				GENERATE_INFOPLIST_FILE = YES;
				INFOPLIST_FILE = CardWarGame/Info.plist;
				INFOPLIST_KEY_UIApplicationSupportsIndirectInputEvents = YES;
				INFOPLIST_KEY_UILaunchStoryboardName = LaunchScreen;
				INFOPLIST_KEY_UIMainStoryboardFile = Main;
				INFOPLIST_KEY_UISupportedInterfaceOrientations_iPad = "UIInterfaceOrientationPortrait UIInterfaceOrientationPortraitUpsideDown UIInterfaceOrientationLandscapeLeft UIInterfaceOrientationLandscapeRight";
				INFOPLIST_KEY_UISupportedInterfaceOrientations_iPhone = "UIInterfaceOrientationPortrait UIInterfaceOrientationLandscapeLeft UIInterfaceOrientationLandscapeRight";
				LD_RUNPATH_SEARCH_PATHS = (
					"$(inherited)",
					"@executable_path/Frameworks",
				);
				MARKETING_VERSION = 1.0;
				PRODUCT_BUNDLE_IDENTIFIER = ios24b.CardWarGame;
				PRODUCT_NAME = "$(TARGET_NAME)";
				SWIFT_EMIT_LOC_STRINGS = YES;
				SWIFT_VERSION = 5.0;
				TARGETED_DEVICE_FAMILY = "1,2";
			};
			name = Release;
		};
/* End XCBuildConfiguration section */

/* Begin XCConfigurationList section */
		C56521F92C3B05AA00E1122E /* Build configuration list for PBXProject "CardWarGame" */ = {
			isa = XCConfigurationList;
			buildConfigurations = (
				C56522102C3B05AA00E1122E /* Debug */,
				C56522112C3B05AA00E1122E /* Release */,
			);
			defaultConfigurationIsVisible = 0;
			defaultConfigurationName = Release;
		};
		C56522122C3B05AA00E1122E /* Build configuration list for PBXNativeTarget "CardWarGame" */ = {
			isa = XCConfigurationList;
			buildConfigurations = (
				C56522132C3B05AA00E1122E /* Debug */,
				C56522142C3B05AA00E1122E /* Release */,
			);
			defaultConfigurationIsVisible = 0;
			defaultConfigurationName = Release;
		};
/* End XCConfigurationList section */
	};
	rootObject = C56521F62C3B05AA00E1122E /* Project object */;
}
